schema: '2.0'
stages:
  data_preparation:
    cmd: set PYTHONPATH=. && python -m src.pipeline.stage_02_data_preparation
    deps:
    - path: data/raw
      hash: md5
      md5: 7afe9d340b585aecb033c307170600ab.dir
      size: 1375672942
      nfiles: 1114
    - path: src/components/data_preparation.py
      hash: md5
      md5: 8b49747aa8ae4d308a27022e9947c5a3
      size: 3027
    - path: src/pipeline/stage_02_data_preparation.py
      hash: md5
      md5: 4c5be9f47fa3ae776c128a246efd7d14
      size: 515
    outs:
    - path: data/interim
      hash: md5
      md5: d20b0fc43fc42b79fcdc93060640d018.dir
      size: 153195
      nfiles: 3
    - path: data/processed
      hash: md5
      md5: d6a8b2d6f0d9022f6d4b5a174216956b.dir
      size: 1375223499
      nfiles: 1112
  mri_preprocessing:
    cmd: set PYTHONPATH=. && python -m src.pipeline.stage_03_mri_preprocessing
    deps:
    - path: data/interim
      hash: md5
      md5: d20b0fc43fc42b79fcdc93060640d018.dir
      size: 153195
      nfiles: 3
    - path: src/components/mri_preprocessing.py
      hash: md5
      md5: 121cf1dffdb712d2e4123b68f9a28149
      size: 3964
    - path: src/pipeline/stage_03_mri_preprocessing.py
      hash: md5
      md5: c96ba5d6122055f5ca2129f34666263d
      size: 559
    outs:
    - path: data/preprocessed
      hash: md5
      md5: ab52969130daf5e0b75e3ccaeb1c4976.dir
      size: 93209089
      nfiles: 7784
  feature_extraction:
    cmd: set PYTHONPATH=. && python -m src.pipeline.stage_04_feature_extraction
    deps:
    - path: data/preprocessed
      hash: md5
      md5: ab52969130daf5e0b75e3ccaeb1c4976.dir
      size: 93209089
      nfiles: 7784
    - path: src/components/feature_extraction.py
      hash: md5
      md5: 60c3f059c6bf46bde4e3839ad29079bc
      size: 7225
    - path: src/pipeline/stage_04_feature_extraction.py
      hash: md5
      md5: 7fd83430bcca3b5eaf137fdb8def5d59
      size: 518
    outs:
    - path: artifacts/features
      hash: md5
      md5: 887c2e84e7586d5a7341acb1e60b5a3b.dir
      size: 5126683
      nfiles: 2
  feature_selection:
    cmd: set PYTHONPATH=. && python -m src.pipeline.stage_05_feature_selection
    deps:
    - path: artifacts/features
      hash: md5
      md5: 887c2e84e7586d5a7341acb1e60b5a3b.dir
      size: 5126683
      nfiles: 2
    - path: src/components/feature_selection.py
      hash: md5
      md5: b240b28ba639a56ab558cf23bc555af4
      size: 3244
    - path: src/pipeline/stage_05_feature_selection.py
      hash: md5
      md5: aefe753f8bf78c049122fb2816363276
      size: 426
    outs:
    - path: artifacts/feature_selection
      hash: md5
      md5: febca29c6bc55535aa439f61cc82eef5.dir
      size: 4916777
      nfiles: 4
  model_training:
    cmd: set PYTHONPATH=. && python -m src.pipeline.stage_06_model_training
    deps:
    - path: artifacts/feature_selection
      hash: md5
      md5: febca29c6bc55535aa439f61cc82eef5.dir
      size: 4916777
      nfiles: 4
    - path: src/components/model_training.py
      hash: md5
      md5: 3c49520306433e27deb6beaa50006abf
      size: 11586
    - path: src/pipeline/stage_06_model_training.py
      hash: md5
      md5: a99eb901e50a82c55d8bfef46fec3c05
      size: 537
    outs:
    - path: artifacts/model_training
      hash: md5
      md5: 17ba0a644ec3c8718f20baba21dbd843.dir
      size: 5214
      nfiles: 2
  model_evaluation:
    cmd: set PYTHONPATH=. && python -m src.pipeline.stage_07_model_evaluation
    deps:
    - path: artifacts/feature_selection
      hash: md5
      md5: febca29c6bc55535aa439f61cc82eef5.dir
      size: 4916777
      nfiles: 4
    - path: artifacts/model_training
      hash: md5
      md5: 17ba0a644ec3c8718f20baba21dbd843.dir
      size: 5214
      nfiles: 2
    - path: src/components/model_evaluation.py
      hash: md5
      md5: f8ebac3bb842b4f55cf4546ea85a1d90
      size: 5589
    - path: src/pipeline/stage_07_model_evaluation.py
      hash: md5
      md5: 2dde754847dfb671e13b5c872417a19b
      size: 550
    outs:
    - path: artifacts/model_evaluation
      hash: md5
      md5: 74b255b43cecd375b1611d4bf963deea.dir
      size: 46623
      nfiles: 3
