schema: '2.0'
stages:
  data_preparation:
    cmd: set PYTHONPATH=. && python -m src.pipeline.stage_02_data_preparation
    deps:
    - path: data/raw
      hash: md5
      md5: 7afe9d340b585aecb033c307170600ab.dir
      size: 1375672942
      nfiles: 1114
    - path: src/components/data_preparation.py
      hash: md5
      md5: bfe5d71bea536e0c9336f08d5e16b96b
      size: 3027
    - path: src/pipeline/stage_02_data_preparation.py
      hash: md5
      md5: 4c5be9f47fa3ae776c128a246efd7d14
      size: 515
    outs:
    - path: data/interim
      hash: md5
      md5: 1271c71f275326129f53224bb52a0b90.dir
      size: 153195
      nfiles: 3
    - path: data/processed
      hash: md5
      md5: d1bfb3e27740dadd94ebd7a5994f0680.dir
      size: 1375223499
      nfiles: 1112
  mri_preprocessing:
    cmd: set PYTHONPATH=. && python -m src.pipeline.stage_03_mri_preprocessing
    deps:
    - path: data/interim
      hash: md5
      md5: 1271c71f275326129f53224bb52a0b90.dir
      size: 153195
      nfiles: 3
    - path: src/components/mri_preprocessing.py
      hash: md5
      md5: 5185f976fb7b18c981ee92381c1563b8
      size: 3957
    - path: src/pipeline/stage_03_mri_preprocessing.py
      hash: md5
      md5: c96ba5d6122055f5ca2129f34666263d
      size: 559
    outs:
    - path: data/preprocessed
      hash: md5
      md5: c51e08737691dc31a91d351704bcf2aa.dir
      size: 66537820
      nfiles: 5560
  feature_extraction:
    cmd: set PYTHONPATH=. && python -m src.pipeline.stage_04_feature_extraction
    deps:
    - path: data/preprocessed
      hash: md5
      md5: c51e08737691dc31a91d351704bcf2aa.dir
      size: 66537820
      nfiles: 5560
    - path: src/components/feature_extraction.py
      hash: md5
      md5: d76be03d8999491df38d916189fa14ef
      size: 14754
    - path: src/pipeline/stage_04_feature_extraction.py
      hash: md5
      md5: 7fd83430bcca3b5eaf137fdb8def5d59
      size: 518
    outs:
    - path: artifacts/features
      hash: md5
      md5: ee818fc465f49f34f91605e9404730d4.dir
      size: 8789980
      nfiles: 2
  feature_selection:
    cmd: set PYTHONPATH=. && python -m src.pipeline.stage_06_feature_selection
    deps:
    - path: artifacts/aggregated_features
      hash: md5
      md5: a09b4b9473c83e5e5d8bf92d4f12ce3f.dir
      size: 3496481
      nfiles: 2
    - path: src/components/feature_selection.py
      hash: md5
      md5: a426b07a8b74a3fb776894e8a6d5c49a
      size: 13618
    - path: src/pipeline/stage_06_feature_selection.py
      hash: md5
      md5: aefe753f8bf78c049122fb2816363276
      size: 426
    outs:
    - path: artifacts/feature_selection
      hash: md5
      md5: 435915120b9f6957a06b1a404bd34651.dir
      size: 1968741
      nfiles: 5
  model_training:
    cmd: set PYTHONPATH=. && python -m src.pipeline.stage_07_model_training
    deps:
    - path: artifacts/feature_selection
      hash: md5
      md5: 435915120b9f6957a06b1a404bd34651.dir
      size: 1968741
      nfiles: 5
    - path: src/components/model_training.py
      hash: md5
      md5: 846dbf46b70178f62c514e82ecb4d994
      size: 15776
    - path: src/pipeline/stage_07_model_training.py
      hash: md5
      md5: a99eb901e50a82c55d8bfef46fec3c05
      size: 537
    outs:
    - path: artifacts/model_training
      hash: md5
      md5: ab68b1b8b9d6d5c361b6ac0103361d7d.dir
      size: 10490
      nfiles: 2
  model_evaluation:
    cmd: set PYTHONPATH=. && python -m src.pipeline.stage_08_model_evaluation
    deps:
    - path: artifacts/feature_selection
      hash: md5
      md5: 435915120b9f6957a06b1a404bd34651.dir
      size: 1968741
      nfiles: 5
    - path: artifacts/model_training
      hash: md5
      md5: ab68b1b8b9d6d5c361b6ac0103361d7d.dir
      size: 10490
      nfiles: 2
    - path: src/components/model_evaluation.py
      hash: md5
      md5: da6c4ed109ef992b1e9a05e6e7d10ea0
      size: 5984
    - path: src/pipeline/stage_08_model_evaluation.py
      hash: md5
      md5: 2dde754847dfb671e13b5c872417a19b
      size: 550
    outs:
    - path: artifacts/model_evaluation
      hash: md5
      md5: 30fe710a1d92c4d1cba0ab2c60fc9b03.dir
      size: 39828
      nfiles: 3
  feature_aggregation:
    cmd: set PYTHONPATH=. && python -m src.pipeline.stage_05_feature_aggregation
    deps:
    - path: artifacts/features
      hash: md5
      md5: ee818fc465f49f34f91605e9404730d4.dir
      size: 8789980
      nfiles: 2
    - path: src/components/feature_aggregation.py
      hash: md5
      md5: 4fcfdc7d6a0316b0448c2c5754920dce
      size: 1299
    - path: src/pipeline/stage_05_feature_aggregation.py
      hash: md5
      md5: efacb3933a1b62540e751edc7563639e
      size: 471
    outs:
    - path: artifacts/aggregated_features
      hash: md5
      md5: a09b4b9473c83e5e5d8bf92d4f12ce3f.dir
      size: 3496481
      nfiles: 2
  site_harmonisation:
    cmd: set PYTHONPATH=. && python -m src.pipeline.stage_06_site_harmonisation
    deps:
    - path: artifacts/aggregated_features
      hash: md5
      md5: 6522d92452f144f8fee05bd1d3ba0ffe.dir
      size: 2275291
      nfiles: 2
    - path: data/interim
      hash: md5
      md5: 61a6eb07f84f120cbc36dbb8b2cd98a6.dir
      size: 39483
      nfiles: 3
    - path: src/components/site_harmonisation.py
      hash: md5
      md5: 946cdd9c7016d1b3bb2b6eae4d2c64c4
      size: 14821
    - path: src/pipeline/stage_06_site_harmonisation.py
      hash: md5
      md5: e67943767ce3d61ede2e2dd3b7562740
      size: 375
    outs:
    - path: artifacts/harmonised
      hash: md5
      md5: d99a4d42fd6460536c736f12f9d0d3e2.dir
      size: 2229692
      nfiles: 4
