schema: '2.0'
stages:
  data_preparation:
    cmd: set PYTHONPATH=. && python -m src.pipeline.stage_02_data_preparation
    deps:
    - path: data/raw
      hash: md5
      md5: 5f0aa6089fdd818a76def61d741b70f8.dir
      size: 1398098058
      nfiles: 4427
    - path: src/components/data_preparation.py
      hash: md5
      md5: c2366e7b350e1ba90bb8ca745b5f4544
      size: 3099
    - path: src/pipeline/stage_02_data_preparation.py
      hash: md5
      md5: 4c5be9f47fa3ae776c128a246efd7d14
      size: 515
    outs:
    - path: data/interim
      hash: md5
      md5: 1a339442926aeba31ed339a5642f1053.dir
      size: 137639
      nfiles: 3
    - path: data/processed
      hash: md5
      md5: 6442e90c9d0b59e54ac08b6b4cdd8255.dir
      size: 1397648615
      nfiles: 4426
  mri_preprocessing:
    cmd: set PYTHONPATH=. && python -m src.pipeline.stage_03_mri_preprocessing
    deps:
    - path: data/interim
      hash: md5
      md5: 1a339442926aeba31ed339a5642f1053.dir
      size: 137639
      nfiles: 3
    - path: data/processed
      hash: md5
      md5: 6442e90c9d0b59e54ac08b6b4cdd8255.dir
      size: 1397648615
      nfiles: 4426
    - path: src/components/mri_preprocessing.py
      hash: md5
      md5: 8757cef0edfd35f567fd34a56d5dc320
      size: 9628
    - path: src/pipeline/stage_03_mri_preprocessing.py
      hash: md5
      md5: c96ba5d6122055f5ca2129f34666263d
      size: 559
    outs:
    - path: data/preprocessed
      hash: md5
      md5: f6775df37bfac31af92c7bbdef7459b7.dir
      size: 13370256
      nfiles: 1112
  feature_extraction:
    cmd: set PYTHONPATH=. && python -m src.pipeline.stage_04_feature_extraction
    deps:
    - path: data/preprocessed
      hash: md5
      md5: f6775df37bfac31af92c7bbdef7459b7.dir
      size: 13370256
      nfiles: 1112
    - path: src/components/feature_extraction.py
      hash: md5
      md5: c6676a27d512da3ed656e71b1323c003
      size: 23024
    - path: src/pipeline/stage_04_feature_extraction.py
      hash: md5
      md5: 7fd83430bcca3b5eaf137fdb8def5d59
      size: 518
    outs:
    - path: artifacts/features
      hash: md5
      md5: 144380f3151d331e7a579bdde89b8401.dir
      size: 10745512
      nfiles: 2
  feature_selection:
    cmd: set PYTHONPATH=. && python -m src.pipeline.stage_06_feature_selection
    deps:
    - path: artifacts/scaled_features
      hash: md5
      md5: 1a97f078bbb78e40d99371845578305e.dir
      size: 11276578
      nfiles: 3
    - path: src/components/feature_selection.py
      hash: md5
      md5: 5289caf84f33650338ddc93b6e411387
      size: 21410
    - path: src/pipeline/stage_06_feature_selection.py
      hash: md5
      md5: aefe753f8bf78c049122fb2816363276
      size: 426
    outs:
    - path: artifacts/feature_selection
      hash: md5
      md5: 270ce9e205558d06a7a8f9890b6e681c.dir
      size: 1335425
      nfiles: 4
  model_training:
    cmd: set PYTHONPATH=. && python -m src.pipeline.stage_07_model_training
    deps:
    - path: artifacts/feature_selection
      hash: md5
      md5: 270ce9e205558d06a7a8f9890b6e681c.dir
      size: 1335425
      nfiles: 4
    - path: src/components/model_training.py
      hash: md5
      md5: 95d7478fe92aab2762b3a74aa5c6fefe
      size: 7067
    - path: src/pipeline/stage_07_model_training.py
      hash: md5
      md5: a99eb901e50a82c55d8bfef46fec3c05
      size: 537
    outs:
    - path: artifacts/model_training
      hash: md5
      md5: 15066ff772a55a3245909706451d8469.dir
      size: 3201143
      nfiles: 2
  model_evaluation:
    cmd: set PYTHONPATH=. && python -m src.pipeline.stage_08_model_evaluation
    deps:
    - path: artifacts/feature_selection
      hash: md5
      md5: 270ce9e205558d06a7a8f9890b6e681c.dir
      size: 1335425
      nfiles: 4
    - path: artifacts/model_training
      hash: md5
      md5: 15066ff772a55a3245909706451d8469.dir
      size: 3201143
      nfiles: 2
    - path: src/components/model_evaluation.py
      hash: md5
      md5: 71f73ec0f08791b84d5e4111278130f8
      size: 6566
    - path: src/pipeline/stage_08_model_evaluation.py
      hash: md5
      md5: 2dde754847dfb671e13b5c872417a19b
      size: 550
    outs:
    - path: artifacts/model_evaluation
      hash: md5
      md5: 6e0b01cfac2a9fc1425f3bb6888bb498.dir
      size: 30669
      nfiles: 3
  feature_aggregation:
    cmd: set PYTHONPATH=. && python -m src.pipeline.stage_05_feature_aggregation
    deps:
    - path: artifacts/features
      hash: md5
      md5: 7eee7319c8adfecabf87c46f82aab6c7.dir
      size: 1756068
      nfiles: 2
    - path: artifacts/morphometric_features
      hash: md5
      md5: 5e6f99bbf70c6f82ec676d17d08e3a97.dir
      size: 344976
      nfiles: 2
    - path: src/components/feature_aggregation.py
      hash: md5
      md5: e54d26c2f8949c53c9085088c7a6f410
      size: 2845
    - path: src/pipeline/stage_05_feature_aggregation.py
      hash: md5
      md5: efacb3933a1b62540e751edc7563639e
      size: 471
    outs:
    - path: artifacts/aggregated_features
      hash: md5
      md5: 332e47d02c5974de01e96a6daeb7fab6.dir
      size: 1936940
      nfiles: 2
  site_harmonisation:
    cmd: set PYTHONPATH=. && python -m src.pipeline.stage_06_site_harmonisation
    deps:
    - path: artifacts/aggregated_features
      hash: md5
      md5: 6522d92452f144f8fee05bd1d3ba0ffe.dir
      size: 2275291
      nfiles: 2
    - path: data/interim
      hash: md5
      md5: 61a6eb07f84f120cbc36dbb8b2cd98a6.dir
      size: 39483
      nfiles: 3
    - path: src/components/site_harmonisation.py
      hash: md5
      md5: 946cdd9c7016d1b3bb2b6eae4d2c64c4
      size: 14821
    - path: src/pipeline/stage_06_site_harmonisation.py
      hash: md5
      md5: e67943767ce3d61ede2e2dd3b7562740
      size: 375
    outs:
    - path: artifacts/harmonised
      hash: md5
      md5: d99a4d42fd6460536c736f12f9d0d3e2.dir
      size: 2229692
      nfiles: 4
  data_ingestion:
    cmd: set PYTHONPATH=. && python -m src.pipeline.stage_01_data_ingestion
    deps:
    - path: config/config.yaml
      hash: md5
      md5: 9cd9af1ce08f3259306993908e350f1b
      size: 336
    - path: src/components/data_ingestion.py
      hash: md5
      md5: f6129967e993a660fb5858793ab49d0f
      size: 1726
    - path: src/pipeline/stage_01_data_ingestion.py
      hash: md5
      md5: c97fa386a539bdbb9da834c75a019147
      size: 430
    outs:
    - path: data/raw
      hash: md5
      md5: 5f0aa6089fdd818a76def61d741b70f8.dir
      size: 1398098058
      nfiles: 4427
  morphometric_feature_extraction:
    cmd: set PYTHONPATH=. && python -m 
      src.pipeline.stage_04b_morphometric_feature_extraction
    deps:
    - path: data/processed
      hash: md5
      md5: 6442e90c9d0b59e54ac08b6b4cdd8255.dir
      size: 1397648615
      nfiles: 4426
    - path: src/components/morphometric_feature_extraction.py
      hash: md5
      md5: fab7ae1f2662841042b37aac526f6d3b
      size: 2438
    - path: src/pipeline/stage_04b_morphometric_feature_extraction.py
      hash: md5
      md5: 58fb2600251bee76e47d477b8ed6ce57
      size: 698
    outs:
    - path: artifacts/morphometric_features
      hash: md5
      md5: 5e6f99bbf70c6f82ec676d17d08e3a97.dir
      size: 344976
      nfiles: 2
  feature_scaling:
    cmd: set PYTHONPATH=. && python -m src.pipeline.stage_05b_feature_scaling
    deps:
    - path: artifacts/features
      hash: md5
      md5: 144380f3151d331e7a579bdde89b8401.dir
      size: 10745512
      nfiles: 2
    - path: src/components/feature_scaling.py
      hash: md5
      md5: 46a77cb171b230d4325adf7e9e610857
      size: 2038
    - path: src/pipeline/stage_05b_feature_scaling.py
      hash: md5
      md5: 4e55277fcc7874c066b62e06dc7a3fb9
      size: 420
    outs:
    - path: artifacts/scaled_features
      hash: md5
      md5: 1a97f078bbb78e40d99371845578305e.dir
      size: 11276578
      nfiles: 3
  explainability:
    cmd: set PYTHONPATH=. && python -m src.pipeline.stage_09_explainability
    deps:
    - path: artifacts/feature_selection
      hash: md5
      md5: 9df295ef2b874e19448a05b1d1fa2f8e.dir
      size: 456044
      nfiles: 4
    - path: artifacts/model_training
      hash: md5
      md5: 815aba224e97220faf09dde7ea4c0315.dir
      size: 143603
      nfiles: 2
    - path: src/components/explainability.py
      hash: md5
      md5: becdcb0828710c6a004ef53c4fd74fd2
      size: 4224
    - path: src/pipeline/stage_09_explainability.py
      hash: md5
      md5: 2263adef4c15517c2b4379ab3f5ebbad
      size: 538
    outs:
    - path: artifacts/explainability
      hash: md5
      md5: d94d29228cc69c6973745ec98bcb82a0.dir
      size: 87398
      nfiles: 2
